
Microsoft Visual Studio Solution File, Format Version 12.00
# Visual Studio Version 16
VisualStudioVersion = 16.0.31424.327
MinimumVisualStudioVersion = 10.0.40219.1
Project("{9A19103F-16F7-4668-BE54-9A1E7A4F7556}") = "Trucker", "Trucker.csproj", "{527DB703-1E62-4925-AC3E-9459A96DD6F2}"
EndProject
Global
	GlobalSection(SolutionConfigurationPlatforms) = preSolution
		Debug|Any CPU = Debug|Any CPU
		Release|Any CPU = Release|Any CPU
	EndGlobalSection
	GlobalSection(ProjectConfigurationPlatforms) = postSolution
		{527DB703-1E62-4925-AC3E-9459A96DD6F2}.Debug|Any CPU.ActiveCfg = Debug|Any CPU
		{527DB703-1E62-4925-AC3E-9459A96DD6F2}.Debug|Any CPU.Build.0 = Debug|Any CPU
		{527DB703-1E62-4925-AC3E-9459A96DD6F2}.Release|Any CPU.ActiveCfg = Release|Any CPU
		{527DB703-1E62-4925-AC3E-9459A96DD6F2}.Release|Any CPU.Build.0 = Release|Any CPU
	EndGlobalSection
	GlobalSection(SolutionProperties) = preSolution
		HideSolutionNode = FALSE
	EndGlobalSection
	GlobalSection(ExtensibilityGlobals) = postSolution
		SolutionGuid = {BB19522E-C558-4EE4-81C0-FCABE678BBCF}
	EndGlobalSection
EndGlobal
